
Microsoft Visual Studio Solution File, Format Version 12.00
# Visual Studio Version 17
VisualStudioVersion = 17.14.36327.8 d17.14
MinimumVisualStudioVersion = 10.0.40219.1
Project("{FAE04EC0-301F-11D3-BF4B-00C04F79EFBC}") = "Abstract_using_shpae", "Abstract_using_shpae\Abstract_using_shpae.csproj", "{0F18401C-B766-4612-BBA7-960953890AC5}"
EndProject
Global
	GlobalSection(SolutionConfigurationPlatforms) = preSolution
		Debug|Any CPU = Debug|Any CPU
		Release|Any CPU = Release|Any CPU
	EndGlobalSection
	GlobalSection(ProjectConfigurationPlatforms) = postSolution
		{0F18401C-B766-4612-BBA7-960953890AC5}.Debug|Any CPU.ActiveCfg = Debug|Any CPU
		{0F18401C-B766-4612-BBA7-960953890AC5}.Debug|Any CPU.Build.0 = Debug|Any CPU
		{0F18401C-B766-4612-BBA7-960953890AC5}.Release|Any CPU.ActiveCfg = Release|Any CPU
		{0F18401C-B766-4612-BBA7-960953890AC5}.Release|Any CPU.Build.0 = Release|Any CPU
	EndGlobalSection
	GlobalSection(SolutionProperties) = preSolution
		HideSolutionNode = FALSE
	EndGlobalSection
	GlobalSection(ExtensibilityGlobals) = postSolution
		SolutionGuid = {0F6230E4-F948-4E3D-BF8A-DA1AAE22EF0E}
	EndGlobalSection
EndGlobal
